
Microsoft Visual Studio Solution File, Format Version 12.00
# Visual Studio Version 17
VisualStudioVersion = 17.9.34714.143
MinimumVisualStudioVersion = 10.0.40219.1
Project("{9A19103F-16F7-4668-BE54-9A1E7A4F7556}") = "RZDTestConsole", "RZDTestConsole\RZDTestConsole.csproj", "{822429BD-27AC-4D20-86D4-811E8ECD278F}"
EndProject
Project("{9A19103F-16F7-4668-BE54-9A1E7A4F7556}") = "RZDModel", "RZDModel\RZDModel.csproj", "{5F9F7005-8236-423C-95FB-BFD819FC29C3}"
EndProject
Project("{9A19103F-16F7-4668-BE54-9A1E7A4F7556}") = "RZDModelTests", "RZDModelTests\RZDModelTests.csproj", "{8E434298-0D3D-481B-BB26-4E9775124DF1}"
EndProject
Project("{FAE04EC0-301F-11D3-BF4B-00C04F79EFBC}") = "WebRZD", "WebRZD\WebRZD.csproj", "{F3FAE7C2-C7AF-4C1E-952B-5F2C855D7568}"
EndProject
Global
	GlobalSection(SolutionConfigurationPlatforms) = preSolution
		Debug|Any CPU = Debug|Any CPU
		Release|Any CPU = Release|Any CPU
	EndGlobalSection
	GlobalSection(ProjectConfigurationPlatforms) = postSolution
		{822429BD-27AC-4D20-86D4-811E8ECD278F}.Debug|Any CPU.ActiveCfg = Debug|Any CPU
		{822429BD-27AC-4D20-86D4-811E8ECD278F}.Debug|Any CPU.Build.0 = Debug|Any CPU
		{822429BD-27AC-4D20-86D4-811E8ECD278F}.Release|Any CPU.ActiveCfg = Release|Any CPU
		{822429BD-27AC-4D20-86D4-811E8ECD278F}.Release|Any CPU.Build.0 = Release|Any CPU
		{5F9F7005-8236-423C-95FB-BFD819FC29C3}.Debug|Any CPU.ActiveCfg = Debug|Any CPU
		{5F9F7005-8236-423C-95FB-BFD819FC29C3}.Debug|Any CPU.Build.0 = Debug|Any CPU
		{5F9F7005-8236-423C-95FB-BFD819FC29C3}.Release|Any CPU.ActiveCfg = Release|Any CPU
		{5F9F7005-8236-423C-95FB-BFD819FC29C3}.Release|Any CPU.Build.0 = Release|Any CPU
		{8E434298-0D3D-481B-BB26-4E9775124DF1}.Debug|Any CPU.ActiveCfg = Debug|Any CPU
		{8E434298-0D3D-481B-BB26-4E9775124DF1}.Debug|Any CPU.Build.0 = Debug|Any CPU
		{8E434298-0D3D-481B-BB26-4E9775124DF1}.Release|Any CPU.ActiveCfg = Release|Any CPU
		{8E434298-0D3D-481B-BB26-4E9775124DF1}.Release|Any CPU.Build.0 = Release|Any CPU
		{F3FAE7C2-C7AF-4C1E-952B-5F2C855D7568}.Debug|Any CPU.ActiveCfg = Debug|Any CPU
		{F3FAE7C2-C7AF-4C1E-952B-5F2C855D7568}.Debug|Any CPU.Build.0 = Debug|Any CPU
		{F3FAE7C2-C7AF-4C1E-952B-5F2C855D7568}.Release|Any CPU.ActiveCfg = Release|Any CPU
		{F3FAE7C2-C7AF-4C1E-952B-5F2C855D7568}.Release|Any CPU.Build.0 = Release|Any CPU
	EndGlobalSection
	GlobalSection(SolutionProperties) = preSolution
		HideSolutionNode = FALSE
	EndGlobalSection
	GlobalSection(ExtensibilityGlobals) = postSolution
		SolutionGuid = {B424E583-C7BC-4E51-91E1-3D5DBB1A498F}
	EndGlobalSection
EndGlobal
